{
  "name": "wordcounting",
  "version": "1.0.0",
  "lockfileVersion": 1,
  "requires": true,
  "dependencies": {
    "commander": {
      "version": "2.20.3",
      "resolved": "https://registry.npmjs.org/commander/-/commander-2.20.3.tgz",
      "integrity": "sha512-GpVkmM8vF2vQUkj2LvZmD35JxeJOLCwJ9cUkugyk2nuhbv3+mJvpLYYt+0+USMxE+oj+ey/lJEnhZw75x/OMcQ=="
    },
    "contractions": {
      "version": "0.0.7",
      "resolved": "https://registry.npmjs.org/contractions/-/contractions-0.0.7.tgz",
      "integrity": "sha1-fWXNIJWHlYkx2ZyNHDfoJRSWTBs="
    },
    "csv-writer": {
      "version": "1.5.0",
      "resolved": "https://registry.npmjs.org/csv-writer/-/csv-writer-1.5.0.tgz",
      "integrity": "sha512-Um27xYNzwI6iAXf96tz7j8nnabBbADeDd2cQ5gAjJaXyPrj3C7qX7uCI8Wp8Q+e9rRdkWQ+Sa1J6X5cDyInLWw=="
    },
    "underscore": {
      "version": "1.9.1",
      "resolved": "https://registry.npmjs.org/underscore/-/underscore-1.9.1.tgz",
      "integrity": "sha512-5/4etnCkd9c8gwgowi5/om/mYO5ajCaOgdzj/oW+0eQV9WxKBDZw5+ycmKmeaTXjInS/W0BzpGLo2xR2aBwZdg=="
    },
    "wink-lemmatizer": {
      "version": "3.0.1",
      "resolved": "https://registry.npmjs.org/wink-lemmatizer/-/wink-lemmatizer-3.0.1.tgz",
      "integrity": "sha512-i3UFptXN8zqRaum4CWBGAXkpK6gtPU9a0/M5U9t2epBd68sr9WX7mFWKfMuSAJoc9w0HXHZOXsuGvTRxjCSWPQ==",
      "requires": {
        "wink-lexicon": "^2.0.1",
        "wink-porter2-stemmer": "^2.0.0"
      }
    },
    "wink-lexicon": {
      "version": "2.1.1",
      "resolved": "https://registry.npmjs.org/wink-lexicon/-/wink-lexicon-2.1.1.tgz",
      "integrity": "sha512-By1dTZdq0dhHNJlFHjwvOV9tWeijS7T119gt7/JA59W6uVdRdvZ7Yz10TrIbqt70A3ew1ywDvhYwCYc4VuJ7XA=="
    },
    "wink-porter2-stemmer": {
      "version": "2.0.1",
      "resolved": "https://registry.npmjs.org/wink-porter2-stemmer/-/wink-porter2-stemmer-2.0.1.tgz",
      "integrity": "sha512-0g+RkkqhRXFmSpJQStVXW5N/WsshWpJXsoDRW7DwVkGI2uDT6IBCoq3xdH5p6IHLaC6ygk7RWUsUx4alKxoagQ=="
    },
    "wordnet-db": {
      "version": "3.1.14",
      "resolved": "https://registry.npmjs.org/wordnet-db/-/wordnet-db-3.1.14.tgz",
      "integrity": "sha512-zVyFsvE+mq9MCmwXUWHIcpfbrHHClZWZiVOzKSxNJruIcFn2RbY55zkhiAMMxM8zCVSmtNiViq8FsAZSFpMYag=="
    },
    "wordpos": {
      "version": "2.0.0",
      "resolved": "https://registry.npmjs.org/wordpos/-/wordpos-2.0.0.tgz",
      "integrity": "sha512-GZ3RcP9pciG3CH2sn8tUA6Shs8Fw8MJJoWOMiYD6IpNH1hdb5MK+EIFR1tLx8gbFvtf0ErfOHObvyaZ8IgfFOA==",
      "requires": {
        "commander": "^2.20.3",
        "underscore": ">=1.3.1",
        "wordnet-db": "^3.1.14"
      }
    }
  }
}
